
Microsoft Visual Studio Solution File, Format Version 12.00
# Visual Studio Version 17
VisualStudioVersion = 17.12.35521.163
MinimumVisualStudioVersion = 10.0.40219.1
Project("{FAE04EC0-301F-11D3-BF4B-00C04F79EFBC}") = "NotesVaultApp", "NotesVaultApp\NotesVaultApp.csproj", "{E47EFDBB-90F3-492E-8BF8-07166C66EEB6}"
EndProject
Project("{2150E333-8FDC-42A3-9474-1A3956D46DE8}") = "Backend", "Backend", "{516163C7-72E6-44DD-9903-E9990F07BC0B}"
EndProject
Project("{2150E333-8FDC-42A3-9474-1A3956D46DE8}") = "Frontend", "Frontend", "{4F2810B4-D8A6-4F69-84DD-B4DB3C89BC31}"
EndProject
Project("{2150E333-8FDC-42A3-9474-1A3956D46DE8}") = "Data", "Data", "{3A9B30E1-C9BF-4D4F-8880-3666BA94032B}"
EndProject
Project("{2150E333-8FDC-42A3-9474-1A3956D46DE8}") = "Service", "Service", "{6D3F4CF5-D3D6-4A4A-8010-A6C8ACAD85E1}"
EndProject
Project("{FAE04EC0-301F-11D3-BF4B-00C04F79EFBC}") = "NotesVaultApp.Data", "NotesVaultApp.Data\NotesVaultApp.Data.csproj", "{77EA482E-BD0A-46C6-9804-D2B5826DE940}"
EndProject
Project("{FAE04EC0-301F-11D3-BF4B-00C04F79EFBC}") = "NotesVaultApp.Data.Models", "NotesVaultApp.Data.Models\NotesVaultApp.Data.Models.csproj", "{B9F600C3-707A-4D3E-947C-63F56019233B}"
EndProject
Project("{FAE04EC0-301F-11D3-BF4B-00C04F79EFBC}") = "NotesVaultApp.Service.Data", "NotesVaultApp.Service.Data\NotesVaultApp.Service.Data.csproj", "{484AA440-46B3-47CF-AD78-DD29193DC763}"
EndProject
Project("{2150E333-8FDC-42A3-9474-1A3956D46DE8}") = "Web", "Web", "{01F1B9EF-3505-4577-92A7-1C820A7149E7}"
EndProject
Project("{FAE04EC0-301F-11D3-BF4B-00C04F79EFBC}") = "NotesVaultApp.Web.Infrastucture", "NotesVaultApp.Web.Infrastucture\NotesVaultApp.Web.Infrastucture.csproj", "{EBEA1C20-5EDE-4D86-BAC1-416800471049}"
EndProject
Project("{FAE04EC0-301F-11D3-BF4B-00C04F79EFBC}") = "NotesVaultApp.Data.Repository", "NotesVaultApp.Data.Repository\NotesVaultApp.Data.Repository.csproj", "{D7F50AA2-EAE5-478D-AD25-BDE1AFA7390B}"
EndProject
Global
	GlobalSection(SolutionConfigurationPlatforms) = preSolution
		Debug|Any CPU = Debug|Any CPU
		Release|Any CPU = Release|Any CPU
	EndGlobalSection
	GlobalSection(ProjectConfigurationPlatforms) = postSolution
		{E47EFDBB-90F3-492E-8BF8-07166C66EEB6}.Debug|Any CPU.ActiveCfg = Debug|Any CPU
		{E47EFDBB-90F3-492E-8BF8-07166C66EEB6}.Debug|Any CPU.Build.0 = Debug|Any CPU
		{E47EFDBB-90F3-492E-8BF8-07166C66EEB6}.Release|Any CPU.ActiveCfg = Release|Any CPU
		{E47EFDBB-90F3-492E-8BF8-07166C66EEB6}.Release|Any CPU.Build.0 = Release|Any CPU
		{77EA482E-BD0A-46C6-9804-D2B5826DE940}.Debug|Any CPU.ActiveCfg = Debug|Any CPU
		{77EA482E-BD0A-46C6-9804-D2B5826DE940}.Debug|Any CPU.Build.0 = Debug|Any CPU
		{77EA482E-BD0A-46C6-9804-D2B5826DE940}.Release|Any CPU.ActiveCfg = Release|Any CPU
		{77EA482E-BD0A-46C6-9804-D2B5826DE940}.Release|Any CPU.Build.0 = Release|Any CPU
		{B9F600C3-707A-4D3E-947C-63F56019233B}.Debug|Any CPU.ActiveCfg = Debug|Any CPU
		{B9F600C3-707A-4D3E-947C-63F56019233B}.Debug|Any CPU.Build.0 = Debug|Any CPU
		{B9F600C3-707A-4D3E-947C-63F56019233B}.Release|Any CPU.ActiveCfg = Release|Any CPU
		{B9F600C3-707A-4D3E-947C-63F56019233B}.Release|Any CPU.Build.0 = Release|Any CPU
		{484AA440-46B3-47CF-AD78-DD29193DC763}.Debug|Any CPU.ActiveCfg = Debug|Any CPU
		{484AA440-46B3-47CF-AD78-DD29193DC763}.Debug|Any CPU.Build.0 = Debug|Any CPU
		{484AA440-46B3-47CF-AD78-DD29193DC763}.Release|Any CPU.ActiveCfg = Release|Any CPU
		{484AA440-46B3-47CF-AD78-DD29193DC763}.Release|Any CPU.Build.0 = Release|Any CPU
		{EBEA1C20-5EDE-4D86-BAC1-416800471049}.Debug|Any CPU.ActiveCfg = Debug|Any CPU
		{EBEA1C20-5EDE-4D86-BAC1-416800471049}.Debug|Any CPU.Build.0 = Debug|Any CPU
		{EBEA1C20-5EDE-4D86-BAC1-416800471049}.Release|Any CPU.ActiveCfg = Release|Any CPU
		{EBEA1C20-5EDE-4D86-BAC1-416800471049}.Release|Any CPU.Build.0 = Release|Any CPU
		{D7F50AA2-EAE5-478D-AD25-BDE1AFA7390B}.Debug|Any CPU.ActiveCfg = Debug|Any CPU
		{D7F50AA2-EAE5-478D-AD25-BDE1AFA7390B}.Debug|Any CPU.Build.0 = Debug|Any CPU
		{D7F50AA2-EAE5-478D-AD25-BDE1AFA7390B}.Release|Any CPU.ActiveCfg = Release|Any CPU
		{D7F50AA2-EAE5-478D-AD25-BDE1AFA7390B}.Release|Any CPU.Build.0 = Release|Any CPU
	EndGlobalSection
	GlobalSection(SolutionProperties) = preSolution
		HideSolutionNode = FALSE
	EndGlobalSection
	GlobalSection(NestedProjects) = preSolution
		{E47EFDBB-90F3-492E-8BF8-07166C66EEB6} = {01F1B9EF-3505-4577-92A7-1C820A7149E7}
		{3A9B30E1-C9BF-4D4F-8880-3666BA94032B} = {516163C7-72E6-44DD-9903-E9990F07BC0B}
		{6D3F4CF5-D3D6-4A4A-8010-A6C8ACAD85E1} = {516163C7-72E6-44DD-9903-E9990F07BC0B}
		{77EA482E-BD0A-46C6-9804-D2B5826DE940} = {3A9B30E1-C9BF-4D4F-8880-3666BA94032B}
		{B9F600C3-707A-4D3E-947C-63F56019233B} = {3A9B30E1-C9BF-4D4F-8880-3666BA94032B}
		{484AA440-46B3-47CF-AD78-DD29193DC763} = {6D3F4CF5-D3D6-4A4A-8010-A6C8ACAD85E1}
		{01F1B9EF-3505-4577-92A7-1C820A7149E7} = {516163C7-72E6-44DD-9903-E9990F07BC0B}
		{EBEA1C20-5EDE-4D86-BAC1-416800471049} = {01F1B9EF-3505-4577-92A7-1C820A7149E7}
		{D7F50AA2-EAE5-478D-AD25-BDE1AFA7390B} = {3A9B30E1-C9BF-4D4F-8880-3666BA94032B}
	EndGlobalSection
EndGlobal
